
Microsoft Visual Studio Solution File, Format Version 12.00
# Visual Studio Version 18
VisualStudioVersion = 18.4.11612.150
MinimumVisualStudioVersion = 10.0.40219.1
Project("{FAE04EC0-301F-11D3-BF4B-00C04F79EFBC}") = "Rowmance.Application", "Rowmance.Application\Rowmance.Application.csproj", "{1AEA865D-425E-4FFB-BAA0-4A875B61135A}"
EndProject
Project("{FAE04EC0-301F-11D3-BF4B-00C04F79EFBC}") = "Rowmance.Infrastructure", "Rowmance.Infrastructure\Rowmance.Infrastructure.csproj", "{787E7735-DEE9-4CA3-90F6-027D9C37ED19}"
EndProject
Project("{FAE04EC0-301F-11D3-BF4B-00C04F79EFBC}") = "Rowmance.Domain", "Rowmance.Domain\Rowmance.Domain.csproj", "{288EF037-EAB9-4A22-8D28-5768E07FAEA3}"
EndProject
Project("{FAE04EC0-301F-11D3-BF4B-00C04F79EFBC}") = "Rowmance.WebAPI", "Rowmance.WebAPI\Rowmance.WebAPI.csproj", "{61E56F0A-5BB5-4B9E-AD4A-3A748C3D237A}"
EndProject
Global
	GlobalSection(SolutionConfigurationPlatforms) = preSolution
		Debug|Any CPU = Debug|Any CPU
		Release|Any CPU = Release|Any CPU
	EndGlobalSection
	GlobalSection(ProjectConfigurationPlatforms) = postSolution
		{1AEA865D-425E-4FFB-BAA0-4A875B61135A}.Debug|Any CPU.ActiveCfg = Debug|Any CPU
		{1AEA865D-425E-4FFB-BAA0-4A875B61135A}.Debug|Any CPU.Build.0 = Debug|Any CPU
		{1AEA865D-425E-4FFB-BAA0-4A875B61135A}.Release|Any CPU.ActiveCfg = Release|Any CPU
		{1AEA865D-425E-4FFB-BAA0-4A875B61135A}.Release|Any CPU.Build.0 = Release|Any CPU
		{787E7735-DEE9-4CA3-90F6-027D9C37ED19}.Debug|Any CPU.ActiveCfg = Debug|Any CPU
		{787E7735-DEE9-4CA3-90F6-027D9C37ED19}.Debug|Any CPU.Build.0 = Debug|Any CPU
		{787E7735-DEE9-4CA3-90F6-027D9C37ED19}.Release|Any CPU.ActiveCfg = Release|Any CPU
		{787E7735-DEE9-4CA3-90F6-027D9C37ED19}.Release|Any CPU.Build.0 = Release|Any CPU
		{288EF037-EAB9-4A22-8D28-5768E07FAEA3}.Debug|Any CPU.ActiveCfg = Debug|Any CPU
		{288EF037-EAB9-4A22-8D28-5768E07FAEA3}.Debug|Any CPU.Build.0 = Debug|Any CPU
		{288EF037-EAB9-4A22-8D28-5768E07FAEA3}.Release|Any CPU.ActiveCfg = Release|Any CPU
		{288EF037-EAB9-4A22-8D28-5768E07FAEA3}.Release|Any CPU.Build.0 = Release|Any CPU
		{61E56F0A-5BB5-4B9E-AD4A-3A748C3D237A}.Debug|Any CPU.ActiveCfg = Debug|Any CPU
		{61E56F0A-5BB5-4B9E-AD4A-3A748C3D237A}.Debug|Any CPU.Build.0 = Debug|Any CPU
		{61E56F0A-5BB5-4B9E-AD4A-3A748C3D237A}.Release|Any CPU.ActiveCfg = Release|Any CPU
		{61E56F0A-5BB5-4B9E-AD4A-3A748C3D237A}.Release|Any CPU.Build.0 = Release|Any CPU
	EndGlobalSection
	GlobalSection(SolutionProperties) = preSolution
		HideSolutionNode = FALSE
	EndGlobalSection
	GlobalSection(ExtensibilityGlobals) = postSolution
		SolutionGuid = {74730DAD-24D2-471B-912A-FFB27C78F14D}
	EndGlobalSection
EndGlobal
